# This file was autogenerated by Stack.
# You should not edit this file by hand.
# For more information, please see the documentation at:
#   https://docs.haskellstack.org/en/stable/lock_files

packages: []
snapshots:
- completed:
    sha256: 6c31147164ea02b91296d1e5982bfdaebbd73df18d8542f7ce919c003e7881c0
    size: 547071
    url: https://raw.githubusercontent.com/commercialhaskell/stackage-snapshots/master/nightly/2022/11/24.yaml
  original:
    url: https://raw.githubusercontent.com/commercialhaskell/stackage-snapshots/master/nightly/2022/11/24.yaml
